
Microsoft Visual Studio Solution File, Format Version 12.00
# Visual Studio 15
VisualStudioVersion = 15.0.28307.489
MinimumVisualStudioVersion = 10.0.40219.1
Project("{FAE04EC0-301F-11D3-BF4B-00C04F79EFBC}") = "ServiceOrApp", "ServiceOrApp\ServiceOrApp.csproj", "{A377F82D-AA8A-4CD9-8C6A-DD86D67CDF07}"
EndProject
Global
	GlobalSection(SolutionConfigurationPlatforms) = preSolution
		Debug|Any CPU = Debug|Any CPU
		Release|Any CPU = Release|Any CPU
	EndGlobalSection
	GlobalSection(ProjectConfigurationPlatforms) = postSolution
		{A377F82D-AA8A-4CD9-8C6A-DD86D67CDF07}.Debug|Any CPU.ActiveCfg = Debug|Any CPU
		{A377F82D-AA8A-4CD9-8C6A-DD86D67CDF07}.Debug|Any CPU.Build.0 = Debug|Any CPU
		{A377F82D-AA8A-4CD9-8C6A-DD86D67CDF07}.Release|Any CPU.ActiveCfg = Release|Any CPU
		{A377F82D-AA8A-4CD9-8C6A-DD86D67CDF07}.Release|Any CPU.Build.0 = Release|Any CPU
	EndGlobalSection
	GlobalSection(SolutionProperties) = preSolution
		HideSolutionNode = FALSE
	EndGlobalSection
	GlobalSection(ExtensibilityGlobals) = postSolution
		SolutionGuid = {C948948C-8AE6-4892-B5F6-560B5B044F8A}
	EndGlobalSection
EndGlobal
